
Microsoft Visual Studio Solution File, Format Version 12.00
# Visual Studio Version 16
VisualStudioVersion = 16.0.31402.337
MinimumVisualStudioVersion = 10.0.40219.1
Project("{FAE04EC0-301F-11D3-BF4B-00C04F79EFBC}") = "RedditApp", "app\RedditApp.csproj", "{5F334767-DD3D-4D3B-9874-8EA4DEDE4DEB}"
EndProject
Global
	GlobalSection(SolutionConfigurationPlatforms) = preSolution
		Debug|Any CPU = Debug|Any CPU
		Release|Any CPU = Release|Any CPU
	EndGlobalSection
	GlobalSection(ProjectConfigurationPlatforms) = postSolution
		{5F334767-DD3D-4D3B-9874-8EA4DEDE4DEB}.Debug|Any CPU.ActiveCfg = Debug|Any CPU
		{5F334767-DD3D-4D3B-9874-8EA4DEDE4DEB}.Debug|Any CPU.Build.0 = Debug|Any CPU
		{5F334767-DD3D-4D3B-9874-8EA4DEDE4DEB}.Release|Any CPU.ActiveCfg = Release|Any CPU
		{5F334767-DD3D-4D3B-9874-8EA4DEDE4DEB}.Release|Any CPU.Build.0 = Release|Any CPU
	EndGlobalSection
	GlobalSection(SolutionProperties) = preSolution
		HideSolutionNode = FALSE
	EndGlobalSection
	GlobalSection(ExtensibilityGlobals) = postSolution
		SolutionGuid = {449E3C1B-CA93-4B74-854D-6BD1E7BCFA86}
	EndGlobalSection
EndGlobal
